
Microsoft Visual Studio Solution File, Format Version 12.00
# Visual Studio 15
VisualStudioVersion = 15.0.27004.2002
MinimumVisualStudioVersion = 10.0.40219.1
Project("{8BC9CEB8-8B4A-11D0-8D11-00A0C91BC942}") = "Хор Шифрование", "Хор Шифрование\Хор Шифрование.vcxproj", "{91BD5FA0-A4DC-4EEA-88AE-8AFFB902B1E0}"
EndProject
Global
	GlobalSection(SolutionConfigurationPlatforms) = preSolution
		Debug|x64 = Debug|x64
		Debug|x86 = Debug|x86
		Release|x64 = Release|x64
		Release|x86 = Release|x86
	EndGlobalSection
	GlobalSection(ProjectConfigurationPlatforms) = postSolution
		{91BD5FA0-A4DC-4EEA-88AE-8AFFB902B1E0}.Debug|x64.ActiveCfg = Debug|x64
		{91BD5FA0-A4DC-4EEA-88AE-8AFFB902B1E0}.Debug|x64.Build.0 = Debug|x64
		{91BD5FA0-A4DC-4EEA-88AE-8AFFB902B1E0}.Debug|x86.ActiveCfg = Debug|Win32
		{91BD5FA0-A4DC-4EEA-88AE-8AFFB902B1E0}.Debug|x86.Build.0 = Debug|Win32
		{91BD5FA0-A4DC-4EEA-88AE-8AFFB902B1E0}.Release|x64.ActiveCfg = Release|x64
		{91BD5FA0-A4DC-4EEA-88AE-8AFFB902B1E0}.Release|x64.Build.0 = Release|x64
		{91BD5FA0-A4DC-4EEA-88AE-8AFFB902B1E0}.Release|x86.ActiveCfg = Release|Win32
		{91BD5FA0-A4DC-4EEA-88AE-8AFFB902B1E0}.Release|x86.Build.0 = Release|Win32
	EndGlobalSection
	GlobalSection(SolutionProperties) = preSolution
		HideSolutionNode = FALSE
	EndGlobalSection
	GlobalSection(ExtensibilityGlobals) = postSolution
		SolutionGuid = {A9EAF6D9-B447-47AC-B9EE-A3D7ADAE6585}
	EndGlobalSection
EndGlobal
